<Solution>
  <Folder Name="/src/">
    <Project Path="src/GitHubProjectConnection.App/GitHubProjectConnection.App.csproj" />
    <Project Path="src/GitHubProjects/GitHubProjects.csproj" />
  </Folder>
  <Folder Name="/tests/">
    <Project Path="tests/GitHubProjects.Tests/GitHubProjects.Tests.csproj" />
  </Folder>
</Solution>
